// !$*UTF8*$!
{
	archiveVersion = 1;
	classes = {
	};
	objectVersion = 50;
	objects = {

/* Begin PBXBuildFile section */
		22DEFE2420D03F7000A1F887 /* AppDelegate.swift in Sources */ = {isa = PBXBuildFile; fileRef = 22DEFE2320D03F7000A1F887 /* AppDelegate.swift */; };
		22DEFE2620D03F7000A1F887 /* TodoListViewController.swift in Sources */ = {isa = PBXBuildFile; fileRef = 22DEFE2520D03F7000A1F887 /* TodoListViewController.swift */; };
		22DEFE2920D03F7000A1F887 /* Main.storyboard in Resources */ = {isa = PBXBuildFile; fileRef = 22DEFE2720D03F7000A1F887 /* Main.storyboard */; };
		22DEFE2B20D03F7100A1F887 /* Assets.xcassets in Resources */ = {isa = PBXBuildFile; fileRef = 22DEFE2A20D03F7100A1F887 /* Assets.xcassets */; };
		22DEFE2E20D03F7100A1F887 /* LaunchScreen.storyboard in Resources */ = {isa = PBXBuildFile; fileRef = 22DEFE2C20D03F7100A1F887 /* LaunchScreen.storyboard */; };
		22DEFE3620D1B32A00A1F887 /* Item.swift in Sources */ = {isa = PBXBuildFile; fileRef = 22DEFE3520D1B32A00A1F887 /* Item.swift */; };
/* End PBXBuildFile section */

/* Begin PBXFileReference section */
		22DEFE2020D03F7000A1F887 /* Todolist.app */ = {isa = PBXFileReference; explicitFileType = wrapper.application; includeInIndex = 0; path = Todolist.app; sourceTree = BUILT_PRODUCTS_DIR; };
		22DEFE2320D03F7000A1F887 /* AppDelegate.swift */ = {isa = PBXFileReference; lastKnownFileType = sourcecode.swift; path = AppDelegate.swift; sourceTree = "<group>"; };
		22DEFE2520D03F7000A1F887 /* TodoListViewController.swift */ = {isa = PBXFileReference; lastKnownFileType = sourcecode.swift; path = TodoListViewController.swift; sourceTree = "<group>"; };
		22DEFE2820D03F7000A1F887 /* Base */ = {isa = PBXFileReference; lastKnownFileType = file.storyboard; name = Base; path = Base.lproj/Main.storyboard; sourceTree = "<group>"; };
		22DEFE2A20D03F7100A1F887 /* Assets.xcassets */ = {isa = PBXFileReference; lastKnownFileType = folder.assetcatalog; path = Assets.xcassets; sourceTree = "<group>"; };
		22DEFE2D20D03F7100A1F887 /* Base */ = {isa = PBXFileReference; lastKnownFileType = file.storyboard; name = Base; path = Base.lproj/LaunchScreen.storyboard; sourceTree = "<group>"; };
		22DEFE2F20D03F7100A1F887 /* Info.plist */ = {isa = PBXFileReference; lastKnownFileType = text.plist.xml; path = Info.plist; sourceTree = "<group>"; };
		22DEFE3520D1B32A00A1F887 /* Item.swift */ = {isa = PBXFileReference; lastKnownFileType = sourcecode.swift; path = Item.swift; sourceTree = "<group>"; };
/* End PBXFileReference section */

/* Begin PBXFrameworksBuildPhase section */
		22DEFE1D20D03F7000A1F887 /* Frameworks */ = {
			isa = PBXFrameworksBuildPhase;
			buildActionMask = 2147483647;
			files = (
			);
			runOnlyForDeploymentPostprocessing = 0;
		};
/* End PBXFrameworksBuildPhase section */

/* Begin PBXGroup section */
		22DEFE1720D03F7000A1F887 = {
			isa = PBXGroup;
			children = (
				22DEFE2220D03F7000A1F887 /* Todolist */,
				22DEFE2120D03F7000A1F887 /* Products */,
			);
			sourceTree = "<group>";
		};
		22DEFE2120D03F7000A1F887 /* Products */ = {
			isa = PBXGroup;
			children = (
				22DEFE2020D03F7000A1F887 /* Todolist.app */,
			);
			name = Products;
			sourceTree = "<group>";
		};
		22DEFE2220D03F7000A1F887 /* Todolist */ = {
			isa = PBXGroup;
			children = (
				22DEFE3920D1B39700A1F887 /* View */,
				22DEFE3820D1B37B00A1F887 /* Controller */,
				22DEFE3720D1B36200A1F887 /* DataModel */,
				22DEFE2320D03F7000A1F887 /* AppDelegate.swift */,
				22DEFE2A20D03F7100A1F887 /* Assets.xcassets */,
				22DEFE2C20D03F7100A1F887 /* LaunchScreen.storyboard */,
				22DEFE2F20D03F7100A1F887 /* Info.plist */,
			);
			path = Todolist;
			sourceTree = "<group>";
		};
		22DEFE3720D1B36200A1F887 /* DataModel */ = {
			isa = PBXGroup;
			children = (
				22DEFE3520D1B32A00A1F887 /* Item.swift */,
			);
			path = DataModel;
			sourceTree = "<group>";
		};
		22DEFE3820D1B37B00A1F887 /* Controller */ = {
			isa = PBXGroup;
			children = (
				22DEFE2520D03F7000A1F887 /* TodoListViewController.swift */,
			);
			path = Controller;
			sourceTree = "<group>";
		};
		22DEFE3920D1B39700A1F887 /* View */ = {
			isa = PBXGroup;
			children = (
				22DEFE2720D03F7000A1F887 /* Main.storyboard */,
			);
			path = View;
			sourceTree = "<group>";
		};
/* End PBXGroup section */

/* Begin PBXNativeTarget section */
		22DEFE1F20D03F7000A1F887 /* Todolist */ = {
			isa = PBXNativeTarget;
			buildConfigurationList = 22DEFE3220D03F7100A1F887 /* Build configuration list for PBXNativeTarget "Todolist" */;
			buildPhases = (
				22DEFE1C20D03F7000A1F887 /* Sources */,
				22DEFE1D20D03F7000A1F887 /* Frameworks */,
				22DEFE1E20D03F7000A1F887 /* Resources */,
			);
			buildRules = (
			);
			dependencies = (
			);
			name = Todolist;
			productName = Todolist;
			productReference = 22DEFE2020D03F7000A1F887 /* Todolist.app */;
			productType = "com.apple.product-type.application";
		};
/* End PBXNativeTarget section */

/* Begin PBXProject section */
		22DEFE1820D03F7000A1F887 /* Project object */ = {
			isa = PBXProject;
			attributes = {
				LastSwiftUpdateCheck = 0940;
				LastUpgradeCheck = 0940;
				ORGANIZATIONNAME = "Ka ka Tam";
				TargetAttributes = {
					22DEFE1F20D03F7000A1F887 = {
						CreatedOnToolsVersion = 9.4;
					};
				};
			};
			buildConfigurationList = 22DEFE1B20D03F7000A1F887 /* Build configuration list for PBXProject "Todolist" */;
			compatibilityVersion = "Xcode 9.3";
			developmentRegion = en;
			hasScannedForEncodings = 0;
			knownRegions = (
				en,
				Base,
			);
			mainGroup = 22DEFE1720D03F7000A1F887;
			productRefGroup = 22DEFE2120D03F7000A1F887 /* Products */;
			projectDirPath = "";
			projectRoot = "";
			targets = (
				22DEFE1F20D03F7000A1F887 /* Todolist */,
			);
		};
/* End PBXProject section */

/* Begin PBXResourcesBuildPhase section */
		22DEFE1E20D03F7000A1F887 /* Resources */ = {
			isa = PBXResourcesBuildPhase;
			buildActionMask = 2147483647;
			files = (
				22DEFE2E20D03F7100A1F887 /* LaunchScreen.storyboard in Resources */,
				22DEFE2B20D03F7100A1F887 /* Assets.xcassets in Resources */,
				22DEFE2920D03F7000A1F887 /* Main.storyboard in Resources */,
			);
			runOnlyForDeploymentPostprocessing = 0;
		};
/* End PBXResourcesBuildPhase section */

/* Begin PBXSourcesBuildPhase section */
		22DEFE1C20D03F7000A1F887 /* Sources */ = {
			isa = PBXSourcesBuildPhase;
			buildActionMask = 2147483647;
			files = (
				22DEFE2620D03F7000A1F887 /* TodoListViewController.swift in Sources */,
				22DEFE3620D1B32A00A1F887 /* Item.swift in Sources */,
				22DEFE2420D03F7000A1F887 /* AppDelegate.swift in Sources */,
			);
			runOnlyForDeploymentPostprocessing = 0;
		};
/* End PBXSourcesBuildPhase section */

/* Begin PBXVariantGroup section */
		22DEFE2720D03F7000A1F887 /* Main.storyboard */ = {
			isa = PBXVariantGroup;
			children = (
				22DEFE2820D03F7000A1F887 /* Base */,
			);
			name = Main.storyboard;
			sourceTree = "<group>";
		};
		22DEFE2C20D03F7100A1F887 /* LaunchScreen.storyboard */ = {
			isa = PBXVariantGroup;
			children = (
				22DEFE2D20D03F7100A1F887 /* Base */,
			);
			name = LaunchScreen.storyboard;
			sourceTree = "<group>";
		};
/* End PBXVariantGroup section */

/* Begin XCBuildConfiguration section */
		22DEFE3020D03F7100A1F887 /* Debug */ = {
			isa = XCBuildConfiguration;
			buildSettings = {
				ALWAYS_SEARCH_USER_PATHS = NO;
				CLANG_ANALYZER_NONNULL = YES;
				CLANG_ANALYZER_NUMBER_OBJECT_CONVERSION = YES_AGGRESSIVE;
				CLANG_CXX_LANGUAGE_STANDARD = "gnu++14";
				CLANG_CXX_LIBRARY = "libc++";
				CLANG_ENABLE_MODULES = YES;
				CLANG_ENABLE_OBJC_ARC = YES;
				CLANG_ENABLE_OBJC_WEAK = YES;
				CLANG_WARN_BLOCK_CAPTURE_AUTORELEASING = YES;
				CLANG_WARN_BOOL_CONVERSION = YES;
				CLANG_WARN_COMMA = YES;
				CLANG_WARN_CONSTANT_CONVERSION = YES;
				CLANG_WARN_DEPRECATED_OBJC_IMPLEMENTATIONS = YES;
				CLANG_WARN_DIRECT_OBJC_ISA_USAGE = YES_ERROR;
				CLANG_WARN_DOCUMENTATION_COMMENTS = YES;
				CLANG_WARN_EMPTY_BODY = YES;
				CLANG_WARN_ENUM_CONVERSION = YES;
				CLANG_WARN_INFINITE_RECURSION = YES;
				CLANG_WARN_INT_CONVERSION = YES;
				CLANG_WARN_NON_LITERAL_NULL_CONVERSION = YES;
				CLANG_WARN_OBJC_IMPLICIT_RETAIN_SELF = YES;
				CLANG_WARN_OBJC_LITERAL_CONVERSION = YES;
				CLANG_WARN_OBJC_ROOT_CLASS = YES_ERROR;
				CLANG_WARN_RANGE_LOOP_ANALYSIS = YES;
				CLANG_WARN_STRICT_PROTOTYPES = YES;
				CLANG_WARN_SUSPICIOUS_MOVE = YES;
				CLANG_WARN_UNGUARDED_AVAILABILITY = YES_AGGRESSIVE;
				CLANG_WARN_UNREACHABLE_CODE = YES;
				CLANG_WARN__DUPLICATE_METHOD_MATCH = YES;
				CODE_SIGN_IDENTITY = "iPhone Developer";
				COPY_PHASE_STRIP = NO;
				DEBUG_INFORMATION_FORMAT = dwarf;
				ENABLE_STRICT_OBJC_MSGSEND = YES;
				ENABLE_TESTABILITY = YES;
				GCC_C_LANGUAGE_STANDARD = gnu11;
				GCC_DYNAMIC_NO_PIC = NO;
				GCC_NO_COMMON_BLOCKS = YES;
				GCC_OPTIMIZATION_LEVEL = 0;
				GCC_PREPROCESSOR_DEFINITIONS = (
					"DEBUG=1",
					"$(inherited)",
				);
				GCC_WARN_64_TO_32_BIT_CONVERSION = YES;
				GCC_WARN_ABOUT_RETURN_TYPE = YES_ERROR;
				GCC_WARN_UNDECLARED_SELECTOR = YES;
				GCC_WARN_UNINITIALIZED_AUTOS = YES_AGGRESSIVE;
				GCC_WARN_UNUSED_FUNCTION = YES;
				GCC_WARN_UNUSED_VARIABLE = YES;
				IPHONEOS_DEPLOYMENT_TARGET = 11.4;
				MTL_ENABLE_DEBUG_INFO = YES;
				ONLY_ACTIVE_ARCH = YES;
				SDKROOT = iphoneos;
				SWIFT_ACTIVE_COMPILATION_CONDITIONS = DEBUG;
				SWIFT_OPTIMIZATION_LEVEL = "-Onone";
			};
			name = Debug;
		};
		22DEFE3120D03F7100A1F887 /* Release */ = {
			isa = XCBuildConfiguration;
			buildSettings = {
				ALWAYS_SEARCH_USER_PATHS = NO;
				CLANG_ANALYZER_NONNULL = YES;
				CLANG_ANALYZER_NUMBER_OBJECT_CONVERSION = YES_AGGRESSIVE;
				CLANG_CXX_LANGUAGE_STANDARD = "gnu++14";
				CLANG_CXX_LIBRARY = "libc++";
				CLANG_ENABLE_MODULES = YES;
				CLANG_ENABLE_OBJC_ARC = YES;
				CLANG_ENABLE_OBJC_WEAK = YES;
				CLANG_WARN_BLOCK_CAPTURE_AUTORELEASING = YES;
				CLANG_WARN_BOOL_CONVERSION = YES;
				CLANG_WARN_COMMA = YES;
				CLANG_WARN_CONSTANT_CONVERSION = YES;
				CLANG_WARN_DEPRECATED_OBJC_IMPLEMENTATIONS = YES;
				CLANG_WARN_DIRECT_OBJC_ISA_USAGE = YES_ERROR;
				CLANG_WARN_DOCUMENTATION_COMMENTS = YES;
				CLANG_WARN_EMPTY_BODY = YES;
				CLANG_WARN_ENUM_CONVERSION = YES;
				CLANG_WARN_INFINITE_RECURSION = YES;
				CLANG_WARN_INT_CONVERSION = YES;
				CLANG_WARN_NON_LITERAL_NULL_CONVERSION = YES;
				CLANG_WARN_OBJC_IMPLICIT_RETAIN_SELF = YES;
				CLANG_WARN_OBJC_LITERAL_CONVERSION = YES;
				CLANG_WARN_OBJC_ROOT_CLASS = YES_ERROR;
				CLANG_WARN_RANGE_LOOP_ANALYSIS = YES;
				CLANG_WARN_STRICT_PROTOTYPES = YES;
				CLANG_WARN_SUSPICIOUS_MOVE = YES;
				CLANG_WARN_UNGUARDED_AVAILABILITY = YES_AGGRESSIVE;
				CLANG_WARN_UNREACHABLE_CODE = YES;
				CLANG_WARN__DUPLICATE_METHOD_MATCH = YES;
				CODE_SIGN_IDENTITY = "iPhone Developer";
				COPY_PHASE_STRIP = NO;
				DEBUG_INFORMATION_FORMAT = "dwarf-with-dsym";
				ENABLE_NS_ASSERTIONS = NO;
				ENABLE_STRICT_OBJC_MSGSEND = YES;
				GCC_C_LANGUAGE_STANDARD = gnu11;
				GCC_NO_COMMON_BLOCKS = YES;
				GCC_WARN_64_TO_32_BIT_CONVERSION = YES;
				GCC_WARN_ABOUT_RETURN_TYPE = YES_ERROR;
				GCC_WARN_UNDECLARED_SELECTOR = YES;
				GCC_WARN_UNINITIALIZED_AUTOS = YES_AGGRESSIVE;
				GCC_WARN_UNUSED_FUNCTION = YES;
				GCC_WARN_UNUSED_VARIABLE = YES;
				IPHONEOS_DEPLOYMENT_TARGET = 11.4;
				MTL_ENABLE_DEBUG_INFO = NO;
				SDKROOT = iphoneos;
				SWIFT_COMPILATION_MODE = wholemodule;
				SWIFT_OPTIMIZATION_LEVEL = "-O";
				VALIDATE_PRODUCT = YES;
			};
			name = Release;
		};
		22DEFE3320D03F7100A1F887 /* Debug */ = {
			isa = XCBuildConfiguration;
			buildSettings = {
				ASSETCATALOG_COMPILER_APPICON_NAME = AppIcon;
				CODE_SIGN_STYLE = Automatic;
				DEVELOPMENT_TEAM = H7L64W5CDU;
				INFOPLIST_FILE = Todolist/Info.plist;
				LD_RUNPATH_SEARCH_PATHS = (
					"$(inherited)",
					"@executable_path/Frameworks",
				);
				PRODUCT_BUNDLE_IDENTIFIER = com.ktam.Todolist;
				PRODUCT_NAME = "$(TARGET_NAME)";
				SWIFT_VERSION = 4.0;
				TARGETED_DEVICE_FAMILY = "1,2";
			};
			name = Debug;
		};
		22DEFE3420D03F7100A1F887 /* Release */ = {
			isa = XCBuildConfiguration;
			buildSettings = {
				ASSETCATALOG_COMPILER_APPICON_NAME = AppIcon;
				CODE_SIGN_STYLE = Automatic;
				DEVELOPMENT_TEAM = H7L64W5CDU;
				INFOPLIST_FILE = Todolist/Info.plist;
				LD_RUNPATH_SEARCH_PATHS = (
					"$(inherited)",
					"@executable_path/Frameworks",
				);
				PRODUCT_BUNDLE_IDENTIFIER = com.ktam.Todolist;
				PRODUCT_NAME = "$(TARGET_NAME)";
				SWIFT_VERSION = 4.0;
				TARGETED_DEVICE_FAMILY = "1,2";
			};
			name = Release;
		};
/* End XCBuildConfiguration section */

/* Begin XCConfigurationList section */
		22DEFE1B20D03F7000A1F887 /* Build configuration list for PBXProject "Todolist" */ = {
			isa = XCConfigurationList;
			buildConfigurations = (
				22DEFE3020D03F7100A1F887 /* Debug */,
				22DEFE3120D03F7100A1F887 /* Release */,
			);
			defaultConfigurationIsVisible = 0;
			defaultConfigurationName = Release;
		};
		22DEFE3220D03F7100A1F887 /* Build configuration list for PBXNativeTarget "Todolist" */ = {
			isa = XCConfigurationList;
			buildConfigurations = (
				22DEFE3320D03F7100A1F887 /* Debug */,
				22DEFE3420D03F7100A1F887 /* Release */,
			);
			defaultConfigurationIsVisible = 0;
			defaultConfigurationName = Release;
		};
/* End XCConfigurationList section */
	};
	rootObject = 22DEFE1820D03F7000A1F887 /* Project object */;
}
